// !$*UTF8*$!
{
	archiveVersion = 1;
	classes = {
	};
	objectVersion = 46;
	objects = {

/* Begin PBXBuildFile section */
		2E62A0BBCA9B6B234BCE66DD /* Pods_NXLTools.framework in Frameworks */ = {isa = PBXBuildFile; fileRef = 2C52A8AC5331A522404668F2 /* Pods_NXLTools.framework */; };
		A77FAA471F235F76008E7266 /* UIColor+Method.m in Sources */ = {isa = PBXBuildFile; fileRef = A77FAA461F235F76008E7266 /* UIColor+Method.m */; };
		A77FAA4B1F236133008E7266 /* NSString+Method.m in Sources */ = {isa = PBXBuildFile; fileRef = A77FAA4A1F236133008E7266 /* NSString+Method.m */; };
		A77FAA5E1F23AD24008E7266 /* YBCacheTool.m in Sources */ = {isa = PBXBuildFile; fileRef = A77FAA591F23AD24008E7266 /* YBCacheTool.m */; };
		A77FAA5F1F23AD24008E7266 /* YBHttpTool.m in Sources */ = {isa = PBXBuildFile; fileRef = A77FAA5B1F23AD24008E7266 /* YBHttpTool.m */; };
		A77FAA601F23AD24008E7266 /* YBMD5.m in Sources */ = {isa = PBXBuildFile; fileRef = A77FAA5D1F23AD24008E7266 /* YBMD5.m */; };
		A77FAA661F23BBE8008E7266 /* MTVersionHelper.m in Sources */ = {isa = PBXBuildFile; fileRef = A77FAA631F23BBE8008E7266 /* MTVersionHelper.m */; };
		A77FAA671F23BBE8008E7266 /* MTVersionModel.m in Sources */ = {isa = PBXBuildFile; fileRef = A77FAA651F23BBE8008E7266 /* MTVersionModel.m */; };
		A77FAA771F23C539008E7266 /* DWScrollPictures.m in Sources */ = {isa = PBXBuildFile; fileRef = A77FAA6B1F23C539008E7266 /* DWScrollPictures.m */; };
		A77FAA781F23C539008E7266 /* UIView+Extension.m in Sources */ = {isa = PBXBuildFile; fileRef = A77FAA6D1F23C539008E7266 /* UIView+Extension.m */; };
		A77FAA811F23C5B1008E7266 /* DWSwipeGestures.m in Sources */ = {isa = PBXBuildFile; fileRef = A77FAA801F23C5B1008E7266 /* DWSwipeGestures.m */; };
		A77FAA891F243895008E7266 /* TTHUDMessage.m in Sources */ = {isa = PBXBuildFile; fileRef = A77FAA871F243895008E7266 /* TTHUDMessage.m */; };
		A7F2BA581F234EA900BB4A2C /* main.m in Sources */ = {isa = PBXBuildFile; fileRef = A7F2BA571F234EA900BB4A2C /* main.m */; };
		A7F2BA5B1F234EA900BB4A2C /* AppDelegate.m in Sources */ = {isa = PBXBuildFile; fileRef = A7F2BA5A1F234EA900BB4A2C /* AppDelegate.m */; };
		A7F2BA611F234EA900BB4A2C /* Main.storyboard in Resources */ = {isa = PBXBuildFile; fileRef = A7F2BA5F1F234EA900BB4A2C /* Main.storyboard */; };
		A7F2BA641F234EA900BB4A2C /* NXLTools.xcdatamodeld in Sources */ = {isa = PBXBuildFile; fileRef = A7F2BA621F234EA900BB4A2C /* NXLTools.xcdatamodeld */; };
		A7F2BA661F234EA900BB4A2C /* Assets.xcassets in Resources */ = {isa = PBXBuildFile; fileRef = A7F2BA651F234EA900BB4A2C /* Assets.xcassets */; };
		A7F2BA691F234EA900BB4A2C /* LaunchScreen.storyboard in Resources */ = {isa = PBXBuildFile; fileRef = A7F2BA671F234EA900BB4A2C /* LaunchScreen.storyboard */; };
		A7F2BA741F234EA900BB4A2C /* NXLToolsTests.m in Sources */ = {isa = PBXBuildFile; fileRef = A7F2BA731F234EA900BB4A2C /* NXLToolsTests.m */; };
		A7F2BA7F1F234EA900BB4A2C /* NXLToolsUITests.m in Sources */ = {isa = PBXBuildFile; fileRef = A7F2BA7E1F234EA900BB4A2C /* NXLToolsUITests.m */; };
/* End PBXBuildFile section */

/* Begin PBXContainerItemProxy section */
		A7F2BA701F234EA900BB4A2C /* PBXContainerItemProxy */ = {
			isa = PBXContainerItemProxy;
			containerPortal = A7F2BA4B1F234EA900BB4A2C /* Project object */;
			proxyType = 1;
			remoteGlobalIDString = A7F2BA521F234EA900BB4A2C;
			remoteInfo = NXLTools;
		};
		A7F2BA7B1F234EA900BB4A2C /* PBXContainerItemProxy */ = {
			isa = PBXContainerItemProxy;
			containerPortal = A7F2BA4B1F234EA900BB4A2C /* Project object */;
			proxyType = 1;
			remoteGlobalIDString = A7F2BA521F234EA900BB4A2C;
			remoteInfo = NXLTools;
		};
/* End PBXContainerItemProxy section */

/* Begin PBXFileReference section */
		22FCFC0FD550A1C552B93676 /* Pods-NXLTools.debug.xcconfig */ = {isa = PBXFileReference; includeInIndex = 1; lastKnownFileType = text.xcconfig; name = "Pods-NXLTools.debug.xcconfig"; path = "Pods/Target Support Files/Pods-NXLTools/Pods-NXLTools.debug.xcconfig"; sourceTree = "<group>"; };
		2C52A8AC5331A522404668F2 /* Pods_NXLTools.framework */ = {isa = PBXFileReference; explicitFileType = wrapper.framework; includeInIndex = 0; path = Pods_NXLTools.framework; sourceTree = BUILT_PRODUCTS_DIR; };
		44B606D17367EB95CEFC6EDD /* Pods-NXLTools.release.xcconfig */ = {isa = PBXFileReference; includeInIndex = 1; lastKnownFileType = text.xcconfig; name = "Pods-NXLTools.release.xcconfig"; path = "Pods/Target Support Files/Pods-NXLTools/Pods-NXLTools.release.xcconfig"; sourceTree = "<group>"; };
		A77FAA451F235F76008E7266 /* UIColor+Method.h */ = {isa = PBXFileReference; fileEncoding = 4; lastKnownFileType = sourcecode.c.h; path = "UIColor+Method.h"; sourceTree = "<group>"; };
		A77FAA461F235F76008E7266 /* UIColor+Method.m */ = {isa = PBXFileReference; fileEncoding = 4; lastKnownFileType = sourcecode.c.objc; path = "UIColor+Method.m"; sourceTree = "<group>"; };
		A77FAA491F236133008E7266 /* NSString+Method.h */ = {isa = PBXFileReference; fileEncoding = 4; lastKnownFileType = sourcecode.c.h; path = "NSString+Method.h"; sourceTree = "<group>"; };
		A77FAA4A1F236133008E7266 /* NSString+Method.m */ = {isa = PBXFileReference; fileEncoding = 4; lastKnownFileType = sourcecode.c.objc; path = "NSString+Method.m"; sourceTree = "<group>"; };
		A77FAA4D1F23667F008E7266 /* PrefixHeader.pch */ = {isa = PBXFileReference; lastKnownFileType = sourcecode.c.h; path = PrefixHeader.pch; sourceTree = "<group>"; };
		A77FAA511F23A61A008E7266 /* AppMacro.h */ = {isa = PBXFileReference; fileEncoding = 4; lastKnownFileType = sourcecode.c.h; path = AppMacro.h; sourceTree = "<group>"; };
		A77FAA531F23A61A008E7266 /* NetWorkMacro.h */ = {isa = PBXFileReference; fileEncoding = 4; lastKnownFileType = sourcecode.c.h; path = NetWorkMacro.h; sourceTree = "<group>"; };
		A77FAA541F23A61A008E7266 /* Notification.h */ = {isa = PBXFileReference; fileEncoding = 4; lastKnownFileType = sourcecode.c.h; path = Notification.h; sourceTree = "<group>"; };
		A77FAA551F23A78F008E7266 /* ColorMacro.h */ = {isa = PBXFileReference; fileEncoding = 4; lastKnownFileType = sourcecode.c.h; path = ColorMacro.h; sourceTree = "<group>"; };
		A77FAA571F23AD24008E7266 /* YBCacheConstant.h */ = {isa = PBXFileReference; fileEncoding = 4; lastKnownFileType = sourcecode.c.h; path = YBCacheConstant.h; sourceTree = "<group>"; };
		A77FAA581F23AD24008E7266 /* YBCacheTool.h */ = {isa = PBXFileReference; fileEncoding = 4; lastKnownFileType = sourcecode.c.h; path = YBCacheTool.h; sourceTree = "<group>"; };
		A77FAA591F23AD24008E7266 /* YBCacheTool.m */ = {isa = PBXFileReference; fileEncoding = 4; lastKnownFileType = sourcecode.c.objc; path = YBCacheTool.m; sourceTree = "<group>"; };
		A77FAA5A1F23AD24008E7266 /* YBHttpTool.h */ = {isa = PBXFileReference; fileEncoding = 4; lastKnownFileType = sourcecode.c.h; path = YBHttpTool.h; sourceTree = "<group>"; };
		A77FAA5B1F23AD24008E7266 /* YBHttpTool.m */ = {isa = PBXFileReference; fileEncoding = 4; lastKnownFileType = sourcecode.c.objc; path = YBHttpTool.m; sourceTree = "<group>"; };
		A77FAA5C1F23AD24008E7266 /* YBMD5.h */ = {isa = PBXFileReference; fileEncoding = 4; lastKnownFileType = sourcecode.c.h; path = YBMD5.h; sourceTree = "<group>"; };
		A77FAA5D1F23AD24008E7266 /* YBMD5.m */ = {isa = PBXFileReference; fileEncoding = 4; lastKnownFileType = sourcecode.c.objc; path = YBMD5.m; sourceTree = "<group>"; };
		A77FAA621F23BBE8008E7266 /* MTVersionHelper.h */ = {isa = PBXFileReference; fileEncoding = 4; lastKnownFileType = sourcecode.c.h; path = MTVersionHelper.h; sourceTree = "<group>"; };
		A77FAA631F23BBE8008E7266 /* MTVersionHelper.m */ = {isa = PBXFileReference; fileEncoding = 4; lastKnownFileType = sourcecode.c.objc; path = MTVersionHelper.m; sourceTree = "<group>"; };
		A77FAA641F23BBE8008E7266 /* MTVersionModel.h */ = {isa = PBXFileReference; fileEncoding = 4; lastKnownFileType = sourcecode.c.h; path = MTVersionModel.h; sourceTree = "<group>"; };
		A77FAA651F23BBE8008E7266 /* MTVersionModel.m */ = {isa = PBXFileReference; fileEncoding = 4; lastKnownFileType = sourcecode.c.objc; path = MTVersionModel.m; sourceTree = "<group>"; };
		A77FAA6A1F23C539008E7266 /* DWScrollPictures.h */ = {isa = PBXFileReference; fileEncoding = 4; lastKnownFileType = sourcecode.c.h; path = DWScrollPictures.h; sourceTree = "<group>"; };
		A77FAA6B1F23C539008E7266 /* DWScrollPictures.m */ = {isa = PBXFileReference; fileEncoding = 4; lastKnownFileType = sourcecode.c.objc; path = DWScrollPictures.m; sourceTree = "<group>"; };
		A77FAA6C1F23C539008E7266 /* UIView+Extension.h */ = {isa = PBXFileReference; fileEncoding = 4; lastKnownFileType = sourcecode.c.h; path = "UIView+Extension.h"; sourceTree = "<group>"; };
		A77FAA6D1F23C539008E7266 /* UIView+Extension.m */ = {isa = PBXFileReference; fileEncoding = 4; lastKnownFileType = sourcecode.c.objc; path = "UIView+Extension.m"; sourceTree = "<group>"; };
		A77FAA7F1F23C5B1008E7266 /* DWSwipeGestures.h */ = {isa = PBXFileReference; fileEncoding = 4; lastKnownFileType = sourcecode.c.h; path = DWSwipeGestures.h; sourceTree = "<group>"; };
		A77FAA801F23C5B1008E7266 /* DWSwipeGestures.m */ = {isa = PBXFileReference; fileEncoding = 4; lastKnownFileType = sourcecode.c.objc; path = DWSwipeGestures.m; sourceTree = "<group>"; };
		A77FAA861F243895008E7266 /* TTHUDMessage.h */ = {isa = PBXFileReference; fileEncoding = 4; lastKnownFileType = sourcecode.c.h; path = TTHUDMessage.h; sourceTree = "<group>"; };
		A77FAA871F243895008E7266 /* TTHUDMessage.m */ = {isa = PBXFileReference; fileEncoding = 4; lastKnownFileType = sourcecode.c.objc; path = TTHUDMessage.m; sourceTree = "<group>"; };
		A7F2BA531F234EA900BB4A2C /* NXLTools.app */ = {isa = PBXFileReference; explicitFileType = wrapper.application; includeInIndex = 0; path = NXLTools.app; sourceTree = BUILT_PRODUCTS_DIR; };
		A7F2BA571F234EA900BB4A2C /* main.m */ = {isa = PBXFileReference; lastKnownFileType = sourcecode.c.objc; path = main.m; sourceTree = "<group>"; };
		A7F2BA591F234EA900BB4A2C /* AppDelegate.h */ = {isa = PBXFileReference; lastKnownFileType = sourcecode.c.h; path = AppDelegate.h; sourceTree = "<group>"; };
		A7F2BA5A1F234EA900BB4A2C /* AppDelegate.m */ = {isa = PBXFileReference; lastKnownFileType = sourcecode.c.objc; path = AppDelegate.m; sourceTree = "<group>"; };
		A7F2BA601F234EA900BB4A2C /* Base */ = {isa = PBXFileReference; lastKnownFileType = file.storyboard; name = Base; path = Base.lproj/Main.storyboard; sourceTree = "<group>"; };
		A7F2BA631F234EA900BB4A2C /* NXLTools.xcdatamodel */ = {isa = PBXFileReference; lastKnownFileType = wrapper.xcdatamodel; path = NXLTools.xcdatamodel; sourceTree = "<group>"; };
		A7F2BA651F234EA900BB4A2C /* Assets.xcassets */ = {isa = PBXFileReference; lastKnownFileType = folder.assetcatalog; path = Assets.xcassets; sourceTree = "<group>"; };
		A7F2BA681F234EA900BB4A2C /* Base */ = {isa = PBXFileReference; lastKnownFileType = file.storyboard; name = Base; path = Base.lproj/LaunchScreen.storyboard; sourceTree = "<group>"; };
		A7F2BA6A1F234EA900BB4A2C /* Info.plist */ = {isa = PBXFileReference; lastKnownFileType = text.plist.xml; path = Info.plist; sourceTree = "<group>"; };
		A7F2BA6F1F234EA900BB4A2C /* NXLToolsTests.xctest */ = {isa = PBXFileReference; explicitFileType = wrapper.cfbundle; includeInIndex = 0; path = NXLToolsTests.xctest; sourceTree = BUILT_PRODUCTS_DIR; };
		A7F2BA731F234EA900BB4A2C /* NXLToolsTests.m */ = {isa = PBXFileReference; lastKnownFileType = sourcecode.c.objc; path = NXLToolsTests.m; sourceTree = "<group>"; };
		A7F2BA751F234EA900BB4A2C /* Info.plist */ = {isa = PBXFileReference; lastKnownFileType = text.plist.xml; path = Info.plist; sourceTree = "<group>"; };
		A7F2BA7A1F234EA900BB4A2C /* NXLToolsUITests.xctest */ = {isa = PBXFileReference; explicitFileType = wrapper.cfbundle; includeInIndex = 0; path = NXLToolsUITests.xctest; sourceTree = BUILT_PRODUCTS_DIR; };
		A7F2BA7E1F234EA900BB4A2C /* NXLToolsUITests.m */ = {isa = PBXFileReference; lastKnownFileType = sourcecode.c.objc; path = NXLToolsUITests.m; sourceTree = "<group>"; };
		A7F2BA801F234EA900BB4A2C /* Info.plist */ = {isa = PBXFileReference; lastKnownFileType = text.plist.xml; path = Info.plist; sourceTree = "<group>"; };
/* End PBXFileReference section */

/* Begin PBXFrameworksBuildPhase section */
		A7F2BA501F234EA900BB4A2C /* Frameworks */ = {
			isa = PBXFrameworksBuildPhase;
			buildActionMask = 2147483647;
			files = (
				2E62A0BBCA9B6B234BCE66DD /* Pods_NXLTools.framework in Frameworks */,
			);
			runOnlyForDeploymentPostprocessing = 0;
		};
		A7F2BA6C1F234EA900BB4A2C /* Frameworks */ = {
			isa = PBXFrameworksBuildPhase;
			buildActionMask = 2147483647;
			files = (
			);
			runOnlyForDeploymentPostprocessing = 0;
		};
		A7F2BA771F234EA900BB4A2C /* Frameworks */ = {
			isa = PBXFrameworksBuildPhase;
			buildActionMask = 2147483647;
			files = (
			);
			runOnlyForDeploymentPostprocessing = 0;
		};
/* End PBXFrameworksBuildPhase section */

/* Begin PBXGroup section */
		50D677D9D97D7F65BBFD7F63 /* Frameworks */ = {
			isa = PBXGroup;
			children = (
				2C52A8AC5331A522404668F2 /* Pods_NXLTools.framework */,
			);
			name = Frameworks;
			sourceTree = "<group>";
		};
		A77FAA091F235AEB008E7266 /* Classes */ = {
			isa = PBXGroup;
			children = (
				A77FAA431F235F1F008E7266 /* Category */,
				A77FAA0A1F235B09008E7266 /* libs */,
			);
			path = Classes;
			sourceTree = "<group>";
		};
		A77FAA0A1F235B09008E7266 /* libs */ = {
			isa = PBXGroup;
			children = (
				A77FAA821F243895008E7266 /* TTHUDMessage */,
				A77FAA681F23C539008E7266 /* DWScrollPictures */,
				A77FAA611F23BBE8008E7266 /* MTNewVersion */,
				A77FAA561F23AD24008E7266 /* YBAFNCache */,
				A77FAA4C1F236678008E7266 /* Marcos */,
			);
			path = libs;
			sourceTree = "<group>";
		};
		A77FAA431F235F1F008E7266 /* Category */ = {
			isa = PBXGroup;
			children = (
				A77FAA481F236133008E7266 /* NSString+Extension */,
				A77FAA441F235F76008E7266 /* UIColor+Extension */,
			);
			path = Category;
			sourceTree = "<group>";
		};
		A77FAA441F235F76008E7266 /* UIColor+Extension */ = {
			isa = PBXGroup;
			children = (
				A77FAA451F235F76008E7266 /* UIColor+Method.h */,
				A77FAA461F235F76008E7266 /* UIColor+Method.m */,
			);
			path = "UIColor+Extension";
			sourceTree = "<group>";
		};
		A77FAA481F236133008E7266 /* NSString+Extension */ = {
			isa = PBXGroup;
			children = (
				A77FAA491F236133008E7266 /* NSString+Method.h */,
				A77FAA4A1F236133008E7266 /* NSString+Method.m */,
			);
			path = "NSString+Extension";
			sourceTree = "<group>";
		};
		A77FAA4C1F236678008E7266 /* Marcos */ = {
			isa = PBXGroup;
			children = (
				A77FAA4D1F23667F008E7266 /* PrefixHeader.pch */,
				A77FAA511F23A61A008E7266 /* AppMacro.h */,
				A77FAA551F23A78F008E7266 /* ColorMacro.h */,
				A77FAA531F23A61A008E7266 /* NetWorkMacro.h */,
				A77FAA541F23A61A008E7266 /* Notification.h */,
			);
			path = Marcos;
			sourceTree = "<group>";
		};
		A77FAA561F23AD24008E7266 /* YBAFNCache */ = {
			isa = PBXGroup;
			children = (
				A77FAA571F23AD24008E7266 /* YBCacheConstant.h */,
				A77FAA581F23AD24008E7266 /* YBCacheTool.h */,
				A77FAA591F23AD24008E7266 /* YBCacheTool.m */,
				A77FAA5A1F23AD24008E7266 /* YBHttpTool.h */,
				A77FAA5B1F23AD24008E7266 /* YBHttpTool.m */,
				A77FAA5C1F23AD24008E7266 /* YBMD5.h */,
				A77FAA5D1F23AD24008E7266 /* YBMD5.m */,
			);
			path = YBAFNCache;
			sourceTree = "<group>";
		};
		A77FAA611F23BBE8008E7266 /* MTNewVersion */ = {
			isa = PBXGroup;
			children = (
				A77FAA621F23BBE8008E7266 /* MTVersionHelper.h */,
				A77FAA631F23BBE8008E7266 /* MTVersionHelper.m */,
				A77FAA641F23BBE8008E7266 /* MTVersionModel.h */,
				A77FAA651F23BBE8008E7266 /* MTVersionModel.m */,
			);
			path = MTNewVersion;
			sourceTree = "<group>";
		};
		A77FAA681F23C539008E7266 /* DWScrollPictures */ = {
			isa = PBXGroup;
			children = (
				A77FAA7E1F23C5B1008E7266 /* DWSwipeGestures */,
				A77FAA691F23C539008E7266 /* DWScrollPictures */,
			);
			path = DWScrollPictures;
			sourceTree = "<group>";
		};
		A77FAA691F23C539008E7266 /* DWScrollPictures */ = {
			isa = PBXGroup;
			children = (
				A77FAA6A1F23C539008E7266 /* DWScrollPictures.h */,
				A77FAA6B1F23C539008E7266 /* DWScrollPictures.m */,
				A77FAA6C1F23C539008E7266 /* UIView+Extension.h */,
				A77FAA6D1F23C539008E7266 /* UIView+Extension.m */,
			);
			path = DWScrollPictures;
			sourceTree = "<group>";
		};
		A77FAA7E1F23C5B1008E7266 /* DWSwipeGestures */ = {
			isa = PBXGroup;
			children = (
				A77FAA7F1F23C5B1008E7266 /* DWSwipeGestures.h */,
				A77FAA801F23C5B1008E7266 /* DWSwipeGestures.m */,
			);
			path = DWSwipeGestures;
			sourceTree = "<group>";
		};
		A77FAA821F243895008E7266 /* TTHUDMessage */ = {
			isa = PBXGroup;
			children = (
				A77FAA861F243895008E7266 /* TTHUDMessage.h */,
				A77FAA871F243895008E7266 /* TTHUDMessage.m */,
			);
			path = TTHUDMessage;
			sourceTree = "<group>";
		};
		A7F2BA4A1F234EA900BB4A2C = {
			isa = PBXGroup;
			children = (
				A7F2BA551F234EA900BB4A2C /* NXLTools */,
				A7F2BA721F234EA900BB4A2C /* NXLToolsTests */,
				A7F2BA7D1F234EA900BB4A2C /* NXLToolsUITests */,
				A7F2BA541F234EA900BB4A2C /* Products */,
				D13FC8EC6E17FBCD39C29459 /* Pods */,
				50D677D9D97D7F65BBFD7F63 /* Frameworks */,
			);
			sourceTree = "<group>";
		};
		A7F2BA541F234EA900BB4A2C /* Products */ = {
			isa = PBXGroup;
			children = (
				A7F2BA531F234EA900BB4A2C /* NXLTools.app */,
				A7F2BA6F1F234EA900BB4A2C /* NXLToolsTests.xctest */,
				A7F2BA7A1F234EA900BB4A2C /* NXLToolsUITests.xctest */,
			);
			name = Products;
			sourceTree = "<group>";
		};
		A7F2BA551F234EA900BB4A2C /* NXLTools */ = {
			isa = PBXGroup;
			children = (
				A77FAA091F235AEB008E7266 /* Classes */,
				A7F2BA591F234EA900BB4A2C /* AppDelegate.h */,
				A7F2BA5A1F234EA900BB4A2C /* AppDelegate.m */,
				A7F2BA5F1F234EA900BB4A2C /* Main.storyboard */,
				A7F2BA651F234EA900BB4A2C /* Assets.xcassets */,
				A7F2BA671F234EA900BB4A2C /* LaunchScreen.storyboard */,
				A7F2BA6A1F234EA900BB4A2C /* Info.plist */,
				A7F2BA621F234EA900BB4A2C /* NXLTools.xcdatamodeld */,
				A7F2BA561F234EA900BB4A2C /* Supporting Files */,
			);
			path = NXLTools;
			sourceTree = "<group>";
		};
		A7F2BA561F234EA900BB4A2C /* Supporting Files */ = {
			isa = PBXGroup;
			children = (
				A7F2BA571F234EA900BB4A2C /* main.m */,
			);
			name = "Supporting Files";
			sourceTree = "<group>";
		};
		A7F2BA721F234EA900BB4A2C /* NXLToolsTests */ = {
			isa = PBXGroup;
			children = (
				A7F2BA731F234EA900BB4A2C /* NXLToolsTests.m */,
				A7F2BA751F234EA900BB4A2C /* Info.plist */,
			);
			path = NXLToolsTests;
			sourceTree = "<group>";
		};
		A7F2BA7D1F234EA900BB4A2C /* NXLToolsUITests */ = {
			isa = PBXGroup;
			children = (
				A7F2BA7E1F234EA900BB4A2C /* NXLToolsUITests.m */,
				A7F2BA801F234EA900BB4A2C /* Info.plist */,
			);
			path = NXLToolsUITests;
			sourceTree = "<group>";
		};
		D13FC8EC6E17FBCD39C29459 /* Pods */ = {
			isa = PBXGroup;
			children = (
				22FCFC0FD550A1C552B93676 /* Pods-NXLTools.debug.xcconfig */,
				44B606D17367EB95CEFC6EDD /* Pods-NXLTools.release.xcconfig */,
			);
			name = Pods;
			sourceTree = "<group>";
		};
/* End PBXGroup section */

/* Begin PBXNativeTarget section */
		A7F2BA521F234EA900BB4A2C /* NXLTools */ = {
			isa = PBXNativeTarget;
			buildConfigurationList = A7F2BA831F234EA900BB4A2C /* Build configuration list for PBXNativeTarget "NXLTools" */;
			buildPhases = (
				04AB141EDEBACF80A6992340 /* [CP] Check Pods Manifest.lock */,
				A7F2BA4F1F234EA900BB4A2C /* Sources */,
				A7F2BA501F234EA900BB4A2C /* Frameworks */,
				A7F2BA511F234EA900BB4A2C /* Resources */,
				B95943E4B7B825F76FEB9BE3 /* [CP] Embed Pods Frameworks */,
				8BD81F7DB8EEA269758B46B6 /* [CP] Copy Pods Resources */,
			);
			buildRules = (
			);
			dependencies = (
			);
			name = NXLTools;
			productName = NXLTools;
			productReference = A7F2BA531F234EA900BB4A2C /* NXLTools.app */;
			productType = "com.apple.product-type.application";
		};
		A7F2BA6E1F234EA900BB4A2C /* NXLToolsTests */ = {
			isa = PBXNativeTarget;
			buildConfigurationList = A7F2BA861F234EA900BB4A2C /* Build configuration list for PBXNativeTarget "NXLToolsTests" */;
			buildPhases = (
				A7F2BA6B1F234EA900BB4A2C /* Sources */,
				A7F2BA6C1F234EA900BB4A2C /* Frameworks */,
				A7F2BA6D1F234EA900BB4A2C /* Resources */,
			);
			buildRules = (
			);
			dependencies = (
				A7F2BA711F234EA900BB4A2C /* PBXTargetDependency */,
			);
			name = NXLToolsTests;
			productName = NXLToolsTests;
			productReference = A7F2BA6F1F234EA900BB4A2C /* NXLToolsTests.xctest */;
			productType = "com.apple.product-type.bundle.unit-test";
		};
		A7F2BA791F234EA900BB4A2C /* NXLToolsUITests */ = {
			isa = PBXNativeTarget;
			buildConfigurationList = A7F2BA891F234EA900BB4A2C /* Build configuration list for PBXNativeTarget "NXLToolsUITests" */;
			buildPhases = (
				A7F2BA761F234EA900BB4A2C /* Sources */,
				A7F2BA771F234EA900BB4A2C /* Frameworks */,
				A7F2BA781F234EA900BB4A2C /* Resources */,
			);
			buildRules = (
			);
			dependencies = (
				A7F2BA7C1F234EA900BB4A2C /* PBXTargetDependency */,
			);
			name = NXLToolsUITests;
			productName = NXLToolsUITests;
			productReference = A7F2BA7A1F234EA900BB4A2C /* NXLToolsUITests.xctest */;
			productType = "com.apple.product-type.bundle.ui-testing";
		};
/* End PBXNativeTarget section */

/* Begin PBXProject section */
		A7F2BA4B1F234EA900BB4A2C /* Project object */ = {
			isa = PBXProject;
			attributes = {
				LastUpgradeCheck = 0830;
				ORGANIZATIONNAME = nanxinlin;
				TargetAttributes = {
					A7F2BA521F234EA900BB4A2C = {
						CreatedOnToolsVersion = 8.3.3;
						DevelopmentTeam = 86T459V69W;
						ProvisioningStyle = Automatic;
					};
					A7F2BA6E1F234EA900BB4A2C = {
						CreatedOnToolsVersion = 8.3.3;
						DevelopmentTeam = 86T459V69W;
						ProvisioningStyle = Automatic;
						TestTargetID = A7F2BA521F234EA900BB4A2C;
					};
					A7F2BA791F234EA900BB4A2C = {
						CreatedOnToolsVersion = 8.3.3;
						DevelopmentTeam = 86T459V69W;
						ProvisioningStyle = Automatic;
						TestTargetID = A7F2BA521F234EA900BB4A2C;
					};
				};
			};
			buildConfigurationList = A7F2BA4E1F234EA900BB4A2C /* Build configuration list for PBXProject "NXLTools" */;
			compatibilityVersion = "Xcode 3.2";
			developmentRegion = English;
			hasScannedForEncodings = 0;
			knownRegions = (
				en,
				Base,
			);
			mainGroup = A7F2BA4A1F234EA900BB4A2C;
			productRefGroup = A7F2BA541F234EA900BB4A2C /* Products */;
			projectDirPath = "";
			projectRoot = "";
			targets = (
				A7F2BA521F234EA900BB4A2C /* NXLTools */,
				A7F2BA6E1F234EA900BB4A2C /* NXLToolsTests */,
				A7F2BA791F234EA900BB4A2C /* NXLToolsUITests */,
			);
		};
/* End PBXProject section */

/* Begin PBXResourcesBuildPhase section */
		A7F2BA511F234EA900BB4A2C /* Resources */ = {
			isa = PBXResourcesBuildPhase;
			buildActionMask = 2147483647;
			files = (
				A7F2BA691F234EA900BB4A2C /* LaunchScreen.storyboard in Resources */,
				A7F2BA661F234EA900BB4A2C /* Assets.xcassets in Resources */,
				A7F2BA611F234EA900BB4A2C /* Main.storyboard in Resources */,
			);
			runOnlyForDeploymentPostprocessing = 0;
		};
		A7F2BA6D1F234EA900BB4A2C /* Resources */ = {
			isa = PBXResourcesBuildPhase;
			buildActionMask = 2147483647;
			files = (
			);
			runOnlyForDeploymentPostprocessing = 0;
		};
		A7F2BA781F234EA900BB4A2C /* Resources */ = {
			isa = PBXResourcesBuildPhase;
			buildActionMask = 2147483647;
			files = (
			);
			runOnlyForDeploymentPostprocessing = 0;
		};
/* End PBXResourcesBuildPhase section */

/* Begin PBXShellScriptBuildPhase section */
		04AB141EDEBACF80A6992340 /* [CP] Check Pods Manifest.lock */ = {
			isa = PBXShellScriptBuildPhase;
			buildActionMask = 2147483647;
			files = (
			);
			inputPaths = (
			);
			name = "[CP] Check Pods Manifest.lock";
			outputPaths = (
			);
			runOnlyForDeploymentPostprocessing = 0;
			shellPath = /bin/sh;
			shellScript = "diff \"${PODS_ROOT}/../Podfile.lock\" \"${PODS_ROOT}/Manifest.lock\" > /dev/null\nif [ $? != 0 ] ; then\n    # print error to STDERR\n    echo \"error: The sandbox is not in sync with the Podfile.lock. Run 'pod install' or update your CocoaPods installation.\" >&2\n    exit 1\nfi\n";
			showEnvVarsInLog = 0;
		};
		8BD81F7DB8EEA269758B46B6 /* [CP] Copy Pods Resources */ = {
			isa = PBXShellScriptBuildPhase;
			buildActionMask = 2147483647;
			files = (
			);
			inputPaths = (
			);
			name = "[CP] Copy Pods Resources";
			outputPaths = (
			);
			runOnlyForDeploymentPostprocessing = 0;
			shellPath = /bin/sh;
			shellScript = "\"${SRCROOT}/Pods/Target Support Files/Pods-NXLTools/Pods-NXLTools-resources.sh\"\n";
			showEnvVarsInLog = 0;
		};
		B95943E4B7B825F76FEB9BE3 /* [CP] Embed Pods Frameworks */ = {
			isa = PBXShellScriptBuildPhase;
			buildActionMask = 2147483647;
			files = (
			);
			inputPaths = (
			);
			name = "[CP] Embed Pods Frameworks";
			outputPaths = (
			);
			runOnlyForDeploymentPostprocessing = 0;
			shellPath = /bin/sh;
			shellScript = "\"${SRCROOT}/Pods/Target Support Files/Pods-NXLTools/Pods-NXLTools-frameworks.sh\"\n";
			showEnvVarsInLog = 0;
		};
/* End PBXShellScriptBuildPhase section */

/* Begin PBXSourcesBuildPhase section */
		A7F2BA4F1F234EA900BB4A2C /* Sources */ = {
			isa = PBXSourcesBuildPhase;
			buildActionMask = 2147483647;
			files = (
				A77FAA471F235F76008E7266 /* UIColor+Method.m in Sources */,
				A77FAA891F243895008E7266 /* TTHUDMessage.m in Sources */,
				A7F2BA641F234EA900BB4A2C /* NXLTools.xcdatamodeld in Sources */,
				A7F2BA5B1F234EA900BB4A2C /* AppDelegate.m in Sources */,
				A77FAA601F23AD24008E7266 /* YBMD5.m in Sources */,
				A77FAA771F23C539008E7266 /* DWScrollPictures.m in Sources */,
				A77FAA5F1F23AD24008E7266 /* YBHttpTool.m in Sources */,
				A77FAA781F23C539008E7266 /* UIView+Extension.m in Sources */,
				A77FAA661F23BBE8008E7266 /* MTVersionHelper.m in Sources */,
				A77FAA811F23C5B1008E7266 /* DWSwipeGestures.m in Sources */,
				A77FAA4B1F236133008E7266 /* NSString+Method.m in Sources */,
				A77FAA671F23BBE8008E7266 /* MTVersionModel.m in Sources */,
				A7F2BA581F234EA900BB4A2C /* main.m in Sources */,
				A77FAA5E1F23AD24008E7266 /* YBCacheTool.m in Sources */,
			);
			runOnlyForDeploymentPostprocessing = 0;
		};
		A7F2BA6B1F234EA900BB4A2C /* Sources */ = {
			isa = PBXSourcesBuildPhase;
			buildActionMask = 2147483647;
			files = (
				A7F2BA741F234EA900BB4A2C /* NXLToolsTests.m in Sources */,
			);
			runOnlyForDeploymentPostprocessing = 0;
		};
		A7F2BA761F234EA900BB4A2C /* Sources */ = {
			isa = PBXSourcesBuildPhase;
			buildActionMask = 2147483647;
			files = (
				A7F2BA7F1F234EA900BB4A2C /* NXLToolsUITests.m in Sources */,
			);
			runOnlyForDeploymentPostprocessing = 0;
		};
/* End PBXSourcesBuildPhase section */

/* Begin PBXTargetDependency section */
		A7F2BA711F234EA900BB4A2C /* PBXTargetDependency */ = {
			isa = PBXTargetDependency;
			target = A7F2BA521F234EA900BB4A2C /* NXLTools */;
			targetProxy = A7F2BA701F234EA900BB4A2C /* PBXContainerItemProxy */;
		};
		A7F2BA7C1F234EA900BB4A2C /* PBXTargetDependency */ = {
			isa = PBXTargetDependency;
			target = A7F2BA521F234EA900BB4A2C /* NXLTools */;
			targetProxy = A7F2BA7B1F234EA900BB4A2C /* PBXContainerItemProxy */;
		};
/* End PBXTargetDependency section */

/* Begin PBXVariantGroup section */
		A7F2BA5F1F234EA900BB4A2C /* Main.storyboard */ = {
			isa = PBXVariantGroup;
			children = (
				A7F2BA601F234EA900BB4A2C /* Base */,
			);
			name = Main.storyboard;
			sourceTree = "<group>";
		};
		A7F2BA671F234EA900BB4A2C /* LaunchScreen.storyboard */ = {
			isa = PBXVariantGroup;
			children = (
				A7F2BA681F234EA900BB4A2C /* Base */,
			);
			name = LaunchScreen.storyboard;
			sourceTree = "<group>";
		};
/* End PBXVariantGroup section */

/* Begin XCBuildConfiguration section */
		A7F2BA811F234EA900BB4A2C /* Debug */ = {
			isa = XCBuildConfiguration;
			buildSettings = {
				ALWAYS_SEARCH_USER_PATHS = NO;
				CLANG_ANALYZER_NONNULL = YES;
				CLANG_ANALYZER_NUMBER_OBJECT_CONVERSION = YES_AGGRESSIVE;
				CLANG_CXX_LANGUAGE_STANDARD = "gnu++0x";
				CLANG_CXX_LIBRARY = "libc++";
				CLANG_ENABLE_MODULES = YES;
				CLANG_ENABLE_OBJC_ARC = YES;
				CLANG_WARN_BOOL_CONVERSION = YES;
				CLANG_WARN_CONSTANT_CONVERSION = YES;
				CLANG_WARN_DIRECT_OBJC_ISA_USAGE = YES_ERROR;
				CLANG_WARN_DOCUMENTATION_COMMENTS = YES;
				CLANG_WARN_EMPTY_BODY = YES;
				CLANG_WARN_ENUM_CONVERSION = YES;
				CLANG_WARN_INFINITE_RECURSION = YES;
				CLANG_WARN_INT_CONVERSION = YES;
				CLANG_WARN_OBJC_ROOT_CLASS = YES_ERROR;
				CLANG_WARN_SUSPICIOUS_MOVE = YES;
				CLANG_WARN_UNREACHABLE_CODE = YES;
				CLANG_WARN__DUPLICATE_METHOD_MATCH = YES;
				"CODE_SIGN_IDENTITY[sdk=iphoneos*]" = "iPhone Developer";
				COPY_PHASE_STRIP = NO;
				DEBUG_INFORMATION_FORMAT = dwarf;
				ENABLE_STRICT_OBJC_MSGSEND = YES;
				ENABLE_TESTABILITY = YES;
				GCC_C_LANGUAGE_STANDARD = gnu99;
				GCC_DYNAMIC_NO_PIC = NO;
				GCC_NO_COMMON_BLOCKS = YES;
				GCC_OPTIMIZATION_LEVEL = 0;
				GCC_PREPROCESSOR_DEFINITIONS = (
					"DEBUG=1",
					"$(inherited)",
				);
				GCC_WARN_64_TO_32_BIT_CONVERSION = YES;
				GCC_WARN_ABOUT_RETURN_TYPE = YES_ERROR;
				GCC_WARN_UNDECLARED_SELECTOR = YES;
				GCC_WARN_UNINITIALIZED_AUTOS = YES_AGGRESSIVE;
				GCC_WARN_UNUSED_FUNCTION = YES;
				GCC_WARN_UNUSED_VARIABLE = YES;
				IPHONEOS_DEPLOYMENT_TARGET = 8.0;
				MTL_ENABLE_DEBUG_INFO = YES;
				ONLY_ACTIVE_ARCH = YES;
				SDKROOT = iphoneos;
				TARGETED_DEVICE_FAMILY = "1,2";
			};
			name = Debug;
		};
		A7F2BA821F234EA900BB4A2C /* Release */ = {
			isa = XCBuildConfiguration;
			buildSettings = {
				ALWAYS_SEARCH_USER_PATHS = NO;
				CLANG_ANALYZER_NONNULL = YES;
				CLANG_ANALYZER_NUMBER_OBJECT_CONVERSION = YES_AGGRESSIVE;
				CLANG_CXX_LANGUAGE_STANDARD = "gnu++0x";
				CLANG_CXX_LIBRARY = "libc++";
				CLANG_ENABLE_MODULES = YES;
				CLANG_ENABLE_OBJC_ARC = YES;
				CLANG_WARN_BOOL_CONVERSION = YES;
				CLANG_WARN_CONSTANT_CONVERSION = YES;
				CLANG_WARN_DIRECT_OBJC_ISA_USAGE = YES_ERROR;
				CLANG_WARN_DOCUMENTATION_COMMENTS = YES;
				CLANG_WARN_EMPTY_BODY = YES;
				CLANG_WARN_ENUM_CONVERSION = YES;
				CLANG_WARN_INFINITE_RECURSION = YES;
				CLANG_WARN_INT_CONVERSION = YES;
				CLANG_WARN_OBJC_ROOT_CLASS = YES_ERROR;
				CLANG_WARN_SUSPICIOUS_MOVE = YES;
				CLANG_WARN_UNREACHABLE_CODE = YES;
				CLANG_WARN__DUPLICATE_METHOD_MATCH = YES;
				"CODE_SIGN_IDENTITY[sdk=iphoneos*]" = "iPhone Developer";
				COPY_PHASE_STRIP = NO;
				DEBUG_INFORMATION_FORMAT = "dwarf-with-dsym";
				ENABLE_NS_ASSERTIONS = NO;
				ENABLE_STRICT_OBJC_MSGSEND = YES;
				GCC_C_LANGUAGE_STANDARD = gnu99;
				GCC_NO_COMMON_BLOCKS = YES;
				GCC_WARN_64_TO_32_BIT_CONVERSION = YES;
				GCC_WARN_ABOUT_RETURN_TYPE = YES_ERROR;
				GCC_WARN_UNDECLARED_SELECTOR = YES;
				GCC_WARN_UNINITIALIZED_AUTOS = YES_AGGRESSIVE;
				GCC_WARN_UNUSED_FUNCTION = YES;
				GCC_WARN_UNUSED_VARIABLE = YES;
				IPHONEOS_DEPLOYMENT_TARGET = 8.0;
				MTL_ENABLE_DEBUG_INFO = NO;
				SDKROOT = iphoneos;
				TARGETED_DEVICE_FAMILY = "1,2";
				VALIDATE_PRODUCT = YES;
			};
			name = Release;
		};
		A7F2BA841F234EA900BB4A2C /* Debug */ = {
			isa = XCBuildConfiguration;
			baseConfigurationReference = 22FCFC0FD550A1C552B93676 /* Pods-NXLTools.debug.xcconfig */;
			buildSettings = {
				ASSETCATALOG_COMPILER_APPICON_NAME = AppIcon;
				DEVELOPMENT_TEAM = 86T459V69W;
				GCC_PRECOMPILE_PREFIX_HEADER = YES;
				GCC_PREFIX_HEADER = NXLTools/Classes/libs/Marcos/PrefixHeader.pch;
				INFOPLIST_FILE = NXLTools/Info.plist;
				IPHONEOS_DEPLOYMENT_TARGET = 8.0;
				LD_RUNPATH_SEARCH_PATHS = "$(inherited) @executable_path/Frameworks";
				PRODUCT_BUNDLE_IDENTIFIER = com.nanxinlin.NXLTools;
				PRODUCT_NAME = "$(TARGET_NAME)";
			};
			name = Debug;
		};
		A7F2BA851F234EA900BB4A2C /* Release */ = {
			isa = XCBuildConfiguration;
			baseConfigurationReference = 44B606D17367EB95CEFC6EDD /* Pods-NXLTools.release.xcconfig */;
			buildSettings = {
				ASSETCATALOG_COMPILER_APPICON_NAME = AppIcon;
				DEVELOPMENT_TEAM = 86T459V69W;
				GCC_PRECOMPILE_PREFIX_HEADER = YES;
				GCC_PREFIX_HEADER = NXLTools/Classes/libs/Marcos/PrefixHeader.pch;
				INFOPLIST_FILE = NXLTools/Info.plist;
				IPHONEOS_DEPLOYMENT_TARGET = 8.0;
				LD_RUNPATH_SEARCH_PATHS = "$(inherited) @executable_path/Frameworks";
				PRODUCT_BUNDLE_IDENTIFIER = com.nanxinlin.NXLTools;
				PRODUCT_NAME = "$(TARGET_NAME)";
			};
			name = Release;
		};
		A7F2BA871F234EA900BB4A2C /* Debug */ = {
			isa = XCBuildConfiguration;
			buildSettings = {
				BUNDLE_LOADER = "$(TEST_HOST)";
				DEVELOPMENT_TEAM = 86T459V69W;
				INFOPLIST_FILE = NXLToolsTests/Info.plist;
				LD_RUNPATH_SEARCH_PATHS = "$(inherited) @executable_path/Frameworks @loader_path/Frameworks";
				PRODUCT_BUNDLE_IDENTIFIER = com.nanxinlin.NXLToolsTests;
				PRODUCT_NAME = "$(TARGET_NAME)";
				TEST_HOST = "$(BUILT_PRODUCTS_DIR)/NXLTools.app/NXLTools";
			};
			name = Debug;
		};
		A7F2BA881F234EA900BB4A2C /* Release */ = {
			isa = XCBuildConfiguration;
			buildSettings = {
				BUNDLE_LOADER = "$(TEST_HOST)";
				DEVELOPMENT_TEAM = 86T459V69W;
				INFOPLIST_FILE = NXLToolsTests/Info.plist;
				LD_RUNPATH_SEARCH_PATHS = "$(inherited) @executable_path/Frameworks @loader_path/Frameworks";
				PRODUCT_BUNDLE_IDENTIFIER = com.nanxinlin.NXLToolsTests;
				PRODUCT_NAME = "$(TARGET_NAME)";
				TEST_HOST = "$(BUILT_PRODUCTS_DIR)/NXLTools.app/NXLTools";
			};
			name = Release;
		};
		A7F2BA8A1F234EA900BB4A2C /* Debug */ = {
			isa = XCBuildConfiguration;
			buildSettings = {
				DEVELOPMENT_TEAM = 86T459V69W;
				INFOPLIST_FILE = NXLToolsUITests/Info.plist;
				LD_RUNPATH_SEARCH_PATHS = "$(inherited) @executable_path/Frameworks @loader_path/Frameworks";
				PRODUCT_BUNDLE_IDENTIFIER = com.nanxinlin.NXLToolsUITests;
				PRODUCT_NAME = "$(TARGET_NAME)";
				TEST_TARGET_NAME = NXLTools;
			};
			name = Debug;
		};
		A7F2BA8B1F234EA900BB4A2C /* Release */ = {
			isa = XCBuildConfiguration;
			buildSettings = {
				DEVELOPMENT_TEAM = 86T459V69W;
				INFOPLIST_FILE = NXLToolsUITests/Info.plist;
				LD_RUNPATH_SEARCH_PATHS = "$(inherited) @executable_path/Frameworks @loader_path/Frameworks";
				PRODUCT_BUNDLE_IDENTIFIER = com.nanxinlin.NXLToolsUITests;
				PRODUCT_NAME = "$(TARGET_NAME)";
				TEST_TARGET_NAME = NXLTools;
			};
			name = Release;
		};
/* End XCBuildConfiguration section */

/* Begin XCConfigurationList section */
		A7F2BA4E1F234EA900BB4A2C /* Build configuration list for PBXProject "NXLTools" */ = {
			isa = XCConfigurationList;
			buildConfigurations = (
				A7F2BA811F234EA900BB4A2C /* Debug */,
				A7F2BA821F234EA900BB4A2C /* Release */,
			);
			defaultConfigurationIsVisible = 0;
			defaultConfigurationName = Release;
		};
		A7F2BA831F234EA900BB4A2C /* Build configuration list for PBXNativeTarget "NXLTools" */ = {
			isa = XCConfigurationList;
			buildConfigurations = (
				A7F2BA841F234EA900BB4A2C /* Debug */,
				A7F2BA851F234EA900BB4A2C /* Release */,
			);
			defaultConfigurationIsVisible = 0;
			defaultConfigurationName = Release;
		};
		A7F2BA861F234EA900BB4A2C /* Build configuration list for PBXNativeTarget "NXLToolsTests" */ = {
			isa = XCConfigurationList;
			buildConfigurations = (
				A7F2BA871F234EA900BB4A2C /* Debug */,
				A7F2BA881F234EA900BB4A2C /* Release */,
			);
			defaultConfigurationIsVisible = 0;
			defaultConfigurationName = Release;
		};
		A7F2BA891F234EA900BB4A2C /* Build configuration list for PBXNativeTarget "NXLToolsUITests" */ = {
			isa = XCConfigurationList;
			buildConfigurations = (
				A7F2BA8A1F234EA900BB4A2C /* Debug */,
				A7F2BA8B1F234EA900BB4A2C /* Release */,
			);
			defaultConfigurationIsVisible = 0;
			defaultConfigurationName = Release;
		};
/* End XCConfigurationList section */

/* Begin XCVersionGroup section */
		A7F2BA621F234EA900BB4A2C /* NXLTools.xcdatamodeld */ = {
			isa = XCVersionGroup;
			children = (
				A7F2BA631F234EA900BB4A2C /* NXLTools.xcdatamodel */,
			);
			currentVersion = A7F2BA631F234EA900BB4A2C /* NXLTools.xcdatamodel */;
			path = NXLTools.xcdatamodeld;
			sourceTree = "<group>";
			versionGroupType = wrapper.xcdatamodel;
		};
/* End XCVersionGroup section */
	};
	rootObject = A7F2BA4B1F234EA900BB4A2C /* Project object */;
}
